
Microsoft Visual Studio Solution File, Format Version 12.00
# Visual Studio Version 16
VisualStudioVersion = 16.0.29411.108
MinimumVisualStudioVersion = 10.0.40219.1
Project("{F184B08F-C81C-45F6-A57F-5ABD9991F28F}") = "AngularJSDemo", "AngularJSDemo.vbproj", "{44414324-2377-4F13-826F-40F97152FD3F}"
EndProject
Global
	GlobalSection(SolutionConfigurationPlatforms) = preSolution
		Debug|Any CPU = Debug|Any CPU
		Release|Any CPU = Release|Any CPU
	EndGlobalSection
	GlobalSection(ProjectConfigurationPlatforms) = postSolution
		{44414324-2377-4F13-826F-40F97152FD3F}.Debug|Any CPU.ActiveCfg = Debug|Any CPU
		{44414324-2377-4F13-826F-40F97152FD3F}.Debug|Any CPU.Build.0 = Debug|Any CPU
		{44414324-2377-4F13-826F-40F97152FD3F}.Release|Any CPU.ActiveCfg = Release|Any CPU
		{44414324-2377-4F13-826F-40F97152FD3F}.Release|Any CPU.Build.0 = Release|Any CPU
	EndGlobalSection
	GlobalSection(SolutionProperties) = preSolution
		HideSolutionNode = FALSE
	EndGlobalSection
	GlobalSection(ExtensibilityGlobals) = postSolution
		SolutionGuid = {9D73BFD9-2E06-4214-B0AD-B7D1D7560C8C}
	EndGlobalSection
EndGlobal
